{
    "name": "project-jedi-badges",
    "version": "0.0.0",
    "lockfileVersion": 3,
    "requires": true,
    "packages": {
        "": {
            "name": "project-jedi-badges",
            "version": "0.0.0",
            "license": "MPL",
            "dependencies": {
                "badgen": "^3.2.2",
                "fast-xml-parser": "^5.5.0",
                "mustache": "^4.2.0"
            }
        },
        "node_modules/badgen": {
            "version": "3.2.3",
            "resolved": "https://registry.npmjs.org/badgen/-/badgen-3.2.3.tgz",
            "integrity": "sha512-svDuwkc63E/z0ky3drpUppB83s/nlgDciH9m+STwwQoWyq7yCgew1qEfJ+9axkKdNq7MskByptWUN9j1PGMwFA==",
            "license": "MIT"
        },
        "node_modules/fast-xml-builder": {
            "version": "1.1.4",
            "resolved": "https://registry.npmjs.org/fast-xml-builder/-/fast-xml-builder-1.1.4.tgz",
            "integrity": "sha512-f2jhpN4Eccy0/Uz9csxh3Nu6q4ErKxf0XIsasomfOihuSUa3/xw6w8dnOtCDgEItQFJG8KyXPzQXzcODDrrbOg==",
            "funding": [
                {
                    "type": "github",
                    "url": "https://github.com/sponsors/NaturalIntelligence"
                }
            ],
            "license": "MIT",
            "dependencies": {
                "path-expression-matcher": "^1.1.3"
            }
        },
        "node_modules/fast-xml-parser": {
            "version": "5.5.8",
            "resolved": "https://registry.npmjs.org/fast-xml-parser/-/fast-xml-parser-5.5.8.tgz",
            "integrity": "sha512-Z7Fh2nVQSb2d+poDViM063ix2ZGt9jmY1nWhPfHBOK2Hgnb/OW3P4Et3P/81SEej0J7QbWtJqxO05h8QYfK7LQ==",
            "funding": [
                {
                    "type": "github",
                    "url": "https://github.com/sponsors/NaturalIntelligence"
                }
            ],
            "license": "MIT",
            "dependencies": {
                "fast-xml-builder": "^1.1.4",
                "path-expression-matcher": "^1.2.0",
                "strnum": "^2.2.0"
            },
            "bin": {
                "fxparser": "src/cli/cli.js"
            }
        },
        "node_modules/mustache": {
            "version": "4.2.0",
            "resolved": "https://registry.npmjs.org/mustache/-/mustache-4.2.0.tgz",
            "integrity": "sha512-71ippSywq5Yb7/tVYyGbkBggbU8H3u5Rz56fH60jGFgr8uHwxs+aSKeqmluIVzM0m0kB7xQjKS6qPfd0b2ZoqQ==",
            "license": "MIT",
            "bin": {
                "mustache": "bin/mustache"
            }
        },
        "node_modules/path-expression-matcher": {
            "version": "1.2.0",
            "resolved": "https://registry.npmjs.org/path-expression-matcher/-/path-expression-matcher-1.2.0.tgz",
            "integrity": "sha512-DwmPWeFn+tq7TiyJ2CxezCAirXjFxvaiD03npak3cRjlP9+OjTmSy1EpIrEbh+l6JgUundniloMLDQ/6VTdhLQ==",
            "funding": [
                {
                    "type": "github",
                    "url": "https://github.com/sponsors/NaturalIntelligence"
                }
            ],
            "license": "MIT",
            "engines": {
                "node": ">=14.0.0"
            }
        },
        "node_modules/strnum": {
            "version": "2.2.0",
            "resolved": "https://registry.npmjs.org/strnum/-/strnum-2.2.0.tgz",
            "integrity": "sha512-Y7Bj8XyJxnPAORMZj/xltsfo55uOiyHcU2tnAVzHUnSJR/KsEX+9RoDeXEnsXtl/CX4fAcrt64gZ13aGaWPeBg==",
            "funding": [
                {
                    "type": "github",
                    "url": "https://github.com/sponsors/NaturalIntelligence"
                }
            ],
            "license": "MIT"
        }
    }
}
