{
    "name": "project-jedi-badges",
    "version": "0.0.0",
    "lockfileVersion": 2,
    "requires": true,
    "packages": {
        "": {
            "name": "project-jedi-badges",
            "version": "0.0.0",
            "license": "MPL",
            "dependencies": {
                "badgen": "^3.2.2",
                "fast-xml-parser": "^4.4.1",
                "mustache": "^4.2.0"
            }
        },
        "node_modules/badgen": {
            "version": "3.2.3",
            "resolved": "https://registry.npmjs.org/badgen/-/badgen-3.2.3.tgz",
            "integrity": "sha512-svDuwkc63E/z0ky3drpUppB83s/nlgDciH9m+STwwQoWyq7yCgew1qEfJ+9axkKdNq7MskByptWUN9j1PGMwFA=="
        },
        "node_modules/fast-xml-parser": {
            "version": "4.4.1",
            "resolved": "https://registry.npmjs.org/fast-xml-parser/-/fast-xml-parser-4.4.1.tgz",
            "integrity": "sha512-xkjOecfnKGkSsOwtZ5Pz7Us/T6mrbPQrq0nh+aCO5V9nk5NLWmasAHumTKjiPJPWANe+kAZ84Jc8ooJkzZ88Sw==",
            "funding": [
                {
                    "type": "github",
                    "url": "https://github.com/sponsors/NaturalIntelligence"
                },
                {
                    "type": "paypal",
                    "url": "https://paypal.me/naturalintelligence"
                }
            ],
            "dependencies": {
                "strnum": "^1.0.5"
            },
            "bin": {
                "fxparser": "src/cli/cli.js"
            }
        },
        "node_modules/mustache": {
            "version": "4.2.0",
            "resolved": "https://registry.npmjs.org/mustache/-/mustache-4.2.0.tgz",
            "integrity": "sha512-71ippSywq5Yb7/tVYyGbkBggbU8H3u5Rz56fH60jGFgr8uHwxs+aSKeqmluIVzM0m0kB7xQjKS6qPfd0b2ZoqQ==",
            "bin": {
                "mustache": "bin/mustache"
            }
        },
        "node_modules/strnum": {
            "version": "1.0.5",
            "resolved": "https://registry.npmjs.org/strnum/-/strnum-1.0.5.tgz",
            "integrity": "sha512-J8bbNyKKXl5qYcR36TIO8W3mVGVHrmmxsd5PAItGkmyzwJvybiw2IVq5nqd0i4LSNSkB/sx9VHllbfFdr9k1JA=="
        }
    },
    "dependencies": {
        "badgen": {
            "version": "3.2.3",
            "resolved": "https://registry.npmjs.org/badgen/-/badgen-3.2.3.tgz",
            "integrity": "sha512-svDuwkc63E/z0ky3drpUppB83s/nlgDciH9m+STwwQoWyq7yCgew1qEfJ+9axkKdNq7MskByptWUN9j1PGMwFA=="
        },
        "fast-xml-parser": {
            "version": "4.4.1",
            "resolved": "https://registry.npmjs.org/fast-xml-parser/-/fast-xml-parser-4.4.1.tgz",
            "integrity": "sha512-xkjOecfnKGkSsOwtZ5Pz7Us/T6mrbPQrq0nh+aCO5V9nk5NLWmasAHumTKjiPJPWANe+kAZ84Jc8ooJkzZ88Sw==",
            "requires": {
                "strnum": "^1.0.5"
            }
        },
        "mustache": {
            "version": "4.2.0",
            "resolved": "https://registry.npmjs.org/mustache/-/mustache-4.2.0.tgz",
            "integrity": "sha512-71ippSywq5Yb7/tVYyGbkBggbU8H3u5Rz56fH60jGFgr8uHwxs+aSKeqmluIVzM0m0kB7xQjKS6qPfd0b2ZoqQ=="
        },
        "strnum": {
            "version": "1.0.5",
            "resolved": "https://registry.npmjs.org/strnum/-/strnum-1.0.5.tgz",
            "integrity": "sha512-J8bbNyKKXl5qYcR36TIO8W3mVGVHrmmxsd5PAItGkmyzwJvybiw2IVq5nqd0i4LSNSkB/sx9VHllbfFdr9k1JA=="
        }
    }
}
